// !$*UTF8*$!
{
	archiveVersion = 1;
	classes = {
	};
	objectVersion = 55;
	objects = {

/* Begin PBXBuildFile section */
		2C69F35227F976D200898AE6 /* ResultViewController.storyboard in Resources */ = {isa = PBXBuildFile; fileRef = 2C69F35127F976D200898AE6 /* ResultViewController.storyboard */; };
		2C69F35627F9774F00898AE6 /* ResultViewController.swift in Sources */ = {isa = PBXBuildFile; fileRef = 2C69F35527F9774F00898AE6 /* ResultViewController.swift */; };
		2CA5DF1927F54CF3002290D4 /* AppDelegate.swift in Sources */ = {isa = PBXBuildFile; fileRef = 2CA5DF1827F54CF3002290D4 /* AppDelegate.swift */; };
		2CA5DF1B27F54CF3002290D4 /* SceneDelegate.swift in Sources */ = {isa = PBXBuildFile; fileRef = 2CA5DF1A27F54CF3002290D4 /* SceneDelegate.swift */; };
		2CA5DF1D27F54CF3002290D4 /* ViewController.swift in Sources */ = {isa = PBXBuildFile; fileRef = 2CA5DF1C27F54CF3002290D4 /* ViewController.swift */; };
		2CA5DF2027F54CF3002290D4 /* Main.storyboard in Resources */ = {isa = PBXBuildFile; fileRef = 2CA5DF1E27F54CF3002290D4 /* Main.storyboard */; };
		2CA5DF2227F54CF6002290D4 /* Assets.xcassets in Resources */ = {isa = PBXBuildFile; fileRef = 2CA5DF2127F54CF6002290D4 /* Assets.xcassets */; };
		2CA5DF2527F54CF6002290D4 /* LaunchScreen.storyboard in Resources */ = {isa = PBXBuildFile; fileRef = 2CA5DF2327F54CF6002290D4 /* LaunchScreen.storyboard */; };
		2CA5DF3027F54CF6002290D4 /* FoodStacksTests.swift in Sources */ = {isa = PBXBuildFile; fileRef = 2CA5DF2F27F54CF6002290D4 /* FoodStacksTests.swift */; };
		2CA5DF3A27F54CF6002290D4 /* FoodStacksUITests.swift in Sources */ = {isa = PBXBuildFile; fileRef = 2CA5DF3927F54CF6002290D4 /* FoodStacksUITests.swift */; };
		2CA5DF3C27F54CF6002290D4 /* FoodStacksUITestsLaunchTests.swift in Sources */ = {isa = PBXBuildFile; fileRef = 2CA5DF3B27F54CF6002290D4 /* FoodStacksUITestsLaunchTests.swift */; };
		B4A6F3F827FD180400EA9C1A /* LoginViewController.storyboard in Resources */ = {isa = PBXBuildFile; fileRef = B4A6F3F727FD180400EA9C1A /* LoginViewController.storyboard */; };
		C2A591A627FE7D640061A855 /* RestaurantInfoStoryboard.storyboard in Resources */ = {isa = PBXBuildFile; fileRef = C2A591A527FE7D640061A855 /* RestaurantInfoStoryboard.storyboard */; };
		C2A591A827FE7D760061A855 /* RestaurantInfoViewController.swift in Sources */ = {isa = PBXBuildFile; fileRef = C2A591A727FE7D760061A855 /* RestaurantInfoViewController.swift */; };
/* End PBXBuildFile section */

/* Begin PBXContainerItemProxy section */
		2CA5DF2C27F54CF6002290D4 /* PBXContainerItemProxy */ = {
			isa = PBXContainerItemProxy;
			containerPortal = 2CA5DF0D27F54CF3002290D4 /* Project object */;
			proxyType = 1;
			remoteGlobalIDString = 2CA5DF1427F54CF3002290D4;
			remoteInfo = FoodStacks;
		};
		2CA5DF3627F54CF6002290D4 /* PBXContainerItemProxy */ = {
			isa = PBXContainerItemProxy;
			containerPortal = 2CA5DF0D27F54CF3002290D4 /* Project object */;
			proxyType = 1;
			remoteGlobalIDString = 2CA5DF1427F54CF3002290D4;
			remoteInfo = FoodStacks;
		};
/* End PBXContainerItemProxy section */

/* Begin PBXFileReference section */
		2C69F35127F976D200898AE6 /* ResultViewController.storyboard */ = {isa = PBXFileReference; lastKnownFileType = file.storyboard; path = ResultViewController.storyboard; sourceTree = "<group>"; };
		2C69F35527F9774F00898AE6 /* ResultViewController.swift */ = {isa = PBXFileReference; lastKnownFileType = sourcecode.swift; path = ResultViewController.swift; sourceTree = "<group>"; };
		2CA5DF1527F54CF3002290D4 /* FoodStacks.app */ = {isa = PBXFileReference; explicitFileType = wrapper.application; includeInIndex = 0; path = FoodStacks.app; sourceTree = BUILT_PRODUCTS_DIR; };
		2CA5DF1827F54CF3002290D4 /* AppDelegate.swift */ = {isa = PBXFileReference; lastKnownFileType = sourcecode.swift; path = AppDelegate.swift; sourceTree = "<group>"; };
		2CA5DF1A27F54CF3002290D4 /* SceneDelegate.swift */ = {isa = PBXFileReference; lastKnownFileType = sourcecode.swift; path = SceneDelegate.swift; sourceTree = "<group>"; };
		2CA5DF1C27F54CF3002290D4 /* ViewController.swift */ = {isa = PBXFileReference; lastKnownFileType = sourcecode.swift; path = ViewController.swift; sourceTree = "<group>"; };
		2CA5DF1F27F54CF3002290D4 /* Base */ = {isa = PBXFileReference; lastKnownFileType = file.storyboard; name = Base; path = Base.lproj/Main.storyboard; sourceTree = "<group>"; };
		2CA5DF2127F54CF6002290D4 /* Assets.xcassets */ = {isa = PBXFileReference; lastKnownFileType = folder.assetcatalog; path = Assets.xcassets; sourceTree = "<group>"; };
		2CA5DF2427F54CF6002290D4 /* Base */ = {isa = PBXFileReference; lastKnownFileType = file.storyboard; name = Base; path = Base.lproj/LaunchScreen.storyboard; sourceTree = "<group>"; };
		2CA5DF2627F54CF6002290D4 /* Info.plist */ = {isa = PBXFileReference; lastKnownFileType = text.plist.xml; path = Info.plist; sourceTree = "<group>"; };
		2CA5DF2B27F54CF6002290D4 /* FoodStacksTests.xctest */ = {isa = PBXFileReference; explicitFileType = wrapper.cfbundle; includeInIndex = 0; path = FoodStacksTests.xctest; sourceTree = BUILT_PRODUCTS_DIR; };
		2CA5DF2F27F54CF6002290D4 /* FoodStacksTests.swift */ = {isa = PBXFileReference; lastKnownFileType = sourcecode.swift; path = FoodStacksTests.swift; sourceTree = "<group>"; };
		2CA5DF3527F54CF6002290D4 /* FoodStacksUITests.xctest */ = {isa = PBXFileReference; explicitFileType = wrapper.cfbundle; includeInIndex = 0; path = FoodStacksUITests.xctest; sourceTree = BUILT_PRODUCTS_DIR; };
		2CA5DF3927F54CF6002290D4 /* FoodStacksUITests.swift */ = {isa = PBXFileReference; lastKnownFileType = sourcecode.swift; path = FoodStacksUITests.swift; sourceTree = "<group>"; };
		2CA5DF3B27F54CF6002290D4 /* FoodStacksUITestsLaunchTests.swift */ = {isa = PBXFileReference; lastKnownFileType = sourcecode.swift; path = FoodStacksUITestsLaunchTests.swift; sourceTree = "<group>"; };
		B4A6F3F727FD180400EA9C1A /* LoginViewController.storyboard */ = {isa = PBXFileReference; lastKnownFileType = file.storyboard; path = LoginViewController.storyboard; sourceTree = "<group>"; };
		C2A591A527FE7D640061A855 /* RestaurantInfoStoryboard.storyboard */ = {isa = PBXFileReference; lastKnownFileType = file.storyboard; path = RestaurantInfoStoryboard.storyboard; sourceTree = "<group>"; };
		C2A591A727FE7D760061A855 /* RestaurantInfoViewController.swift */ = {isa = PBXFileReference; lastKnownFileType = sourcecode.swift; path = RestaurantInfoViewController.swift; sourceTree = "<group>"; };
/* End PBXFileReference section */

/* Begin PBXFrameworksBuildPhase section */
		2CA5DF1227F54CF3002290D4 /* Frameworks */ = {
			isa = PBXFrameworksBuildPhase;
			buildActionMask = 2147483647;
			files = (
			);
			runOnlyForDeploymentPostprocessing = 0;
		};
		2CA5DF2827F54CF6002290D4 /* Frameworks */ = {
			isa = PBXFrameworksBuildPhase;
			buildActionMask = 2147483647;
			files = (
			);
			runOnlyForDeploymentPostprocessing = 0;
		};
		2CA5DF3227F54CF6002290D4 /* Frameworks */ = {
			isa = PBXFrameworksBuildPhase;
			buildActionMask = 2147483647;
			files = (
			);
			runOnlyForDeploymentPostprocessing = 0;
		};
/* End PBXFrameworksBuildPhase section */

/* Begin PBXGroup section */
		2CA5DF0C27F54CF3002290D4 = {
			isa = PBXGroup;
			children = (
				2CA5DF1727F54CF3002290D4 /* FoodStacks */,
				2CA5DF2E27F54CF6002290D4 /* FoodStacksTests */,
				2CA5DF3827F54CF6002290D4 /* FoodStacksUITests */,
				2CA5DF1627F54CF3002290D4 /* Products */,
			);
			sourceTree = "<group>";
		};
		2CA5DF1627F54CF3002290D4 /* Products */ = {
			isa = PBXGroup;
			children = (
				2CA5DF1527F54CF3002290D4 /* FoodStacks.app */,
				2CA5DF2B27F54CF6002290D4 /* FoodStacksTests.xctest */,
				2CA5DF3527F54CF6002290D4 /* FoodStacksUITests.xctest */,
			);
			name = Products;
			sourceTree = "<group>";
		};
		2CA5DF1727F54CF3002290D4 /* FoodStacks */ = {
			isa = PBXGroup;
			children = (
				C2A591A427FE7D3A0061A855 /* RestaurantInfoPage */,
				2CA5DF1827F54CF3002290D4 /* AppDelegate.swift */,
				2CA5DF1A27F54CF3002290D4 /* SceneDelegate.swift */,
				2CA5DF1C27F54CF3002290D4 /* ViewController.swift */,
				2CA5DF2127F54CF6002290D4 /* Assets.xcassets */,
				2CA5DF1E27F54CF3002290D4 /* Main.storyboard */,
				2C69F35127F976D200898AE6 /* ResultViewController.storyboard */,
				2C69F35527F9774F00898AE6 /* ResultViewController.swift */,
				B4A6F3F727FD180400EA9C1A /* LoginViewController.storyboard */,
				2CA5DF2327F54CF6002290D4 /* LaunchScreen.storyboard */,
				2CA5DF2627F54CF6002290D4 /* Info.plist */,
			);
			path = FoodStacks;
			sourceTree = "<group>";
		};
		2CA5DF2E27F54CF6002290D4 /* FoodStacksTests */ = {
			isa = PBXGroup;
			children = (
				2CA5DF2F27F54CF6002290D4 /* FoodStacksTests.swift */,
			);
			path = FoodStacksTests;
			sourceTree = "<group>";
		};
		2CA5DF3827F54CF6002290D4 /* FoodStacksUITests */ = {
			isa = PBXGroup;
			children = (
				2CA5DF3927F54CF6002290D4 /* FoodStacksUITests.swift */,
				2CA5DF3B27F54CF6002290D4 /* FoodStacksUITestsLaunchTests.swift */,
			);
			path = FoodStacksUITests;
			sourceTree = "<group>";
		};
		C2A591A427FE7D3A0061A855 /* RestaurantInfoPage */ = {
			isa = PBXGroup;
			children = (
				C2A591A527FE7D640061A855 /* RestaurantInfoStoryboard.storyboard */,
				C2A591A727FE7D760061A855 /* RestaurantInfoViewController.swift */,
			);
			path = RestaurantInfoPage;
			sourceTree = "<group>";
		};
/* End PBXGroup section */

/* Begin PBXNativeTarget section */
		2CA5DF1427F54CF3002290D4 /* FoodStacks */ = {
			isa = PBXNativeTarget;
			buildConfigurationList = 2CA5DF3F27F54CF6002290D4 /* Build configuration list for PBXNativeTarget "FoodStacks" */;
			buildPhases = (
				2CA5DF1127F54CF3002290D4 /* Sources */,
				2CA5DF1227F54CF3002290D4 /* Frameworks */,
				2CA5DF1327F54CF3002290D4 /* Resources */,
			);
			buildRules = (
			);
			dependencies = (
			);
			name = FoodStacks;
			productName = FoodStacks;
			productReference = 2CA5DF1527F54CF3002290D4 /* FoodStacks.app */;
			productType = "com.apple.product-type.application";
		};
		2CA5DF2A27F54CF6002290D4 /* FoodStacksTests */ = {
			isa = PBXNativeTarget;
			buildConfigurationList = 2CA5DF4227F54CF6002290D4 /* Build configuration list for PBXNativeTarget "FoodStacksTests" */;
			buildPhases = (
				2CA5DF2727F54CF6002290D4 /* Sources */,
				2CA5DF2827F54CF6002290D4 /* Frameworks */,
				2CA5DF2927F54CF6002290D4 /* Resources */,
			);
			buildRules = (
			);
			dependencies = (
				2CA5DF2D27F54CF6002290D4 /* PBXTargetDependency */,
			);
			name = FoodStacksTests;
			productName = FoodStacksTests;
			productReference = 2CA5DF2B27F54CF6002290D4 /* FoodStacksTests.xctest */;
			productType = "com.apple.product-type.bundle.unit-test";
		};
		2CA5DF3427F54CF6002290D4 /* FoodStacksUITests */ = {
			isa = PBXNativeTarget;
			buildConfigurationList = 2CA5DF4527F54CF6002290D4 /* Build configuration list for PBXNativeTarget "FoodStacksUITests" */;
			buildPhases = (
				2CA5DF3127F54CF6002290D4 /* Sources */,
				2CA5DF3227F54CF6002290D4 /* Frameworks */,
				2CA5DF3327F54CF6002290D4 /* Resources */,
			);
			buildRules = (
			);
			dependencies = (
				2CA5DF3727F54CF6002290D4 /* PBXTargetDependency */,
			);
			name = FoodStacksUITests;
			productName = FoodStacksUITests;
			productReference = 2CA5DF3527F54CF6002290D4 /* FoodStacksUITests.xctest */;
			productType = "com.apple.product-type.bundle.ui-testing";
		};
/* End PBXNativeTarget section */

/* Begin PBXProject section */
		2CA5DF0D27F54CF3002290D4 /* Project object */ = {
			isa = PBXProject;
			attributes = {
				BuildIndependentTargetsInParallel = 1;
				LastSwiftUpdateCheck = 1330;
				LastUpgradeCheck = 1330;
				TargetAttributes = {
					2CA5DF1427F54CF3002290D4 = {
						CreatedOnToolsVersion = 13.3;
					};
					2CA5DF2A27F54CF6002290D4 = {
						CreatedOnToolsVersion = 13.3;
						TestTargetID = 2CA5DF1427F54CF3002290D4;
					};
					2CA5DF3427F54CF6002290D4 = {
						CreatedOnToolsVersion = 13.3;
						TestTargetID = 2CA5DF1427F54CF3002290D4;
					};
				};
			};
			buildConfigurationList = 2CA5DF1027F54CF3002290D4 /* Build configuration list for PBXProject "FoodStacks" */;
			compatibilityVersion = "Xcode 13.0";
			developmentRegion = en;
			hasScannedForEncodings = 0;
			knownRegions = (
				en,
				Base,
			);
			mainGroup = 2CA5DF0C27F54CF3002290D4;
			productRefGroup = 2CA5DF1627F54CF3002290D4 /* Products */;
			projectDirPath = "";
			projectRoot = "";
			targets = (
				2CA5DF1427F54CF3002290D4 /* FoodStacks */,
				2CA5DF2A27F54CF6002290D4 /* FoodStacksTests */,
				2CA5DF3427F54CF6002290D4 /* FoodStacksUITests */,
			);
		};
/* End PBXProject section */

/* Begin PBXResourcesBuildPhase section */
		2CA5DF1327F54CF3002290D4 /* Resources */ = {
			isa = PBXResourcesBuildPhase;
			buildActionMask = 2147483647;
			files = (
				2C69F35227F976D200898AE6 /* ResultViewController.storyboard in Resources */,
				2CA5DF2527F54CF6002290D4 /* LaunchScreen.storyboard in Resources */,
				B4A6F3F827FD180400EA9C1A /* LoginViewController.storyboard in Resources */,
				2CA5DF2227F54CF6002290D4 /* Assets.xcassets in Resources */,
				C2A591A627FE7D640061A855 /* RestaurantInfoStoryboard.storyboard in Resources */,
				2CA5DF2027F54CF3002290D4 /* Main.storyboard in Resources */,
			);
			runOnlyForDeploymentPostprocessing = 0;
		};
		2CA5DF2927F54CF6002290D4 /* Resources */ = {
			isa = PBXResourcesBuildPhase;
			buildActionMask = 2147483647;
			files = (
			);
			runOnlyForDeploymentPostprocessing = 0;
		};
		2CA5DF3327F54CF6002290D4 /* Resources */ = {
			isa = PBXResourcesBuildPhase;
			buildActionMask = 2147483647;
			files = (
			);
			runOnlyForDeploymentPostprocessing = 0;
		};
/* End PBXResourcesBuildPhase section */

/* Begin PBXSourcesBuildPhase section */
		2CA5DF1127F54CF3002290D4 /* Sources */ = {
			isa = PBXSourcesBuildPhase;
			buildActionMask = 2147483647;
			files = (
				C2A591A827FE7D760061A855 /* RestaurantInfoViewController.swift in Sources */,
				2CA5DF1D27F54CF3002290D4 /* ViewController.swift in Sources */,
				2CA5DF1927F54CF3002290D4 /* AppDelegate.swift in Sources */,
				2CA5DF1B27F54CF3002290D4 /* SceneDelegate.swift in Sources */,
				2C69F35627F9774F00898AE6 /* ResultViewController.swift in Sources */,
			);
			runOnlyForDeploymentPostprocessing = 0;
		};
		2CA5DF2727F54CF6002290D4 /* Sources */ = {
			isa = PBXSourcesBuildPhase;
			buildActionMask = 2147483647;
			files = (
				2CA5DF3027F54CF6002290D4 /* FoodStacksTests.swift in Sources */,
			);
			runOnlyForDeploymentPostprocessing = 0;
		};
		2CA5DF3127F54CF6002290D4 /* Sources */ = {
			isa = PBXSourcesBuildPhase;
			buildActionMask = 2147483647;
			files = (
				2CA5DF3A27F54CF6002290D4 /* FoodStacksUITests.swift in Sources */,
				2CA5DF3C27F54CF6002290D4 /* FoodStacksUITestsLaunchTests.swift in Sources */,
			);
			runOnlyForDeploymentPostprocessing = 0;
		};
/* End PBXSourcesBuildPhase section */

/* Begin PBXTargetDependency section */
		2CA5DF2D27F54CF6002290D4 /* PBXTargetDependency */ = {
			isa = PBXTargetDependency;
			target = 2CA5DF1427F54CF3002290D4 /* FoodStacks */;
			targetProxy = 2CA5DF2C27F54CF6002290D4 /* PBXContainerItemProxy */;
		};
		2CA5DF3727F54CF6002290D4 /* PBXTargetDependency */ = {
			isa = PBXTargetDependency;
			target = 2CA5DF1427F54CF3002290D4 /* FoodStacks */;
			targetProxy = 2CA5DF3627F54CF6002290D4 /* PBXContainerItemProxy */;
		};
/* End PBXTargetDependency section */

/* Begin PBXVariantGroup section */
		2CA5DF1E27F54CF3002290D4 /* Main.storyboard */ = {
			isa = PBXVariantGroup;
			children = (
				2CA5DF1F27F54CF3002290D4 /* Base */,
			);
			name = Main.storyboard;
			sourceTree = "<group>";
		};
		2CA5DF2327F54CF6002290D4 /* LaunchScreen.storyboard */ = {
			isa = PBXVariantGroup;
			children = (
				2CA5DF2427F54CF6002290D4 /* Base */,
			);
			name = LaunchScreen.storyboard;
			sourceTree = "<group>";
		};
/* End PBXVariantGroup section */

/* Begin XCBuildConfiguration section */
		2CA5DF3D27F54CF6002290D4 /* Debug */ = {
			isa = XCBuildConfiguration;
			buildSettings = {
				ALWAYS_SEARCH_USER_PATHS = NO;
				CLANG_ANALYZER_NONNULL = YES;
				CLANG_ANALYZER_NUMBER_OBJECT_CONVERSION = YES_AGGRESSIVE;
				CLANG_CXX_LANGUAGE_STANDARD = "gnu++17";
				CLANG_ENABLE_MODULES = YES;
				CLANG_ENABLE_OBJC_ARC = YES;
				CLANG_ENABLE_OBJC_WEAK = YES;
				CLANG_WARN_BLOCK_CAPTURE_AUTORELEASING = YES;
				CLANG_WARN_BOOL_CONVERSION = YES;
				CLANG_WARN_COMMA = YES;
				CLANG_WARN_CONSTANT_CONVERSION = YES;
				CLANG_WARN_DEPRECATED_OBJC_IMPLEMENTATIONS = YES;
				CLANG_WARN_DIRECT_OBJC_ISA_USAGE = YES_ERROR;
				CLANG_WARN_DOCUMENTATION_COMMENTS = YES;
				CLANG_WARN_EMPTY_BODY = YES;
				CLANG_WARN_ENUM_CONVERSION = YES;
				CLANG_WARN_INFINITE_RECURSION = YES;
				CLANG_WARN_INT_CONVERSION = YES;
				CLANG_WARN_NON_LITERAL_NULL_CONVERSION = YES;
				CLANG_WARN_OBJC_IMPLICIT_RETAIN_SELF = YES;
				CLANG_WARN_OBJC_LITERAL_CONVERSION = YES;
				CLANG_WARN_OBJC_ROOT_CLASS = YES_ERROR;
				CLANG_WARN_QUOTED_INCLUDE_IN_FRAMEWORK_HEADER = YES;
				CLANG_WARN_RANGE_LOOP_ANALYSIS = YES;
				CLANG_WARN_STRICT_PROTOTYPES = YES;
				CLANG_WARN_SUSPICIOUS_MOVE = YES;
				CLANG_WARN_UNGUARDED_AVAILABILITY = YES_AGGRESSIVE;
				CLANG_WARN_UNREACHABLE_CODE = YES;
				CLANG_WARN__DUPLICATE_METHOD_MATCH = YES;
				COPY_PHASE_STRIP = NO;
				DEBUG_INFORMATION_FORMAT = dwarf;
				ENABLE_STRICT_OBJC_MSGSEND = YES;
				ENABLE_TESTABILITY = YES;
				GCC_C_LANGUAGE_STANDARD = gnu11;
				GCC_DYNAMIC_NO_PIC = NO;
				GCC_NO_COMMON_BLOCKS = YES;
				GCC_OPTIMIZATION_LEVEL = 0;
				GCC_PREPROCESSOR_DEFINITIONS = (
					"DEBUG=1",
					"$(inherited)",
				);
				GCC_WARN_64_TO_32_BIT_CONVERSION = YES;
				GCC_WARN_ABOUT_RETURN_TYPE = YES_ERROR;
				GCC_WARN_UNDECLARED_SELECTOR = YES;
				GCC_WARN_UNINITIALIZED_AUTOS = YES_AGGRESSIVE;
				GCC_WARN_UNUSED_FUNCTION = YES;
				GCC_WARN_UNUSED_VARIABLE = YES;
				IPHONEOS_DEPLOYMENT_TARGET = 15.4;
				MTL_ENABLE_DEBUG_INFO = INCLUDE_SOURCE;
				MTL_FAST_MATH = YES;
				ONLY_ACTIVE_ARCH = YES;
				SDKROOT = iphoneos;
				SWIFT_ACTIVE_COMPILATION_CONDITIONS = DEBUG;
				SWIFT_OPTIMIZATION_LEVEL = "-Onone";
			};
			name = Debug;
		};
		2CA5DF3E27F54CF6002290D4 /* Release */ = {
			isa = XCBuildConfiguration;
			buildSettings = {
				ALWAYS_SEARCH_USER_PATHS = NO;
				CLANG_ANALYZER_NONNULL = YES;
				CLANG_ANALYZER_NUMBER_OBJECT_CONVERSION = YES_AGGRESSIVE;
				CLANG_CXX_LANGUAGE_STANDARD = "gnu++17";
				CLANG_ENABLE_MODULES = YES;
				CLANG_ENABLE_OBJC_ARC = YES;
				CLANG_ENABLE_OBJC_WEAK = YES;
				CLANG_WARN_BLOCK_CAPTURE_AUTORELEASING = YES;
				CLANG_WARN_BOOL_CONVERSION = YES;
				CLANG_WARN_COMMA = YES;
				CLANG_WARN_CONSTANT_CONVERSION = YES;
				CLANG_WARN_DEPRECATED_OBJC_IMPLEMENTATIONS = YES;
				CLANG_WARN_DIRECT_OBJC_ISA_USAGE = YES_ERROR;
				CLANG_WARN_DOCUMENTATION_COMMENTS = YES;
				CLANG_WARN_EMPTY_BODY = YES;
				CLANG_WARN_ENUM_CONVERSION = YES;
				CLANG_WARN_INFINITE_RECURSION = YES;
				CLANG_WARN_INT_CONVERSION = YES;
				CLANG_WARN_NON_LITERAL_NULL_CONVERSION = YES;
				CLANG_WARN_OBJC_IMPLICIT_RETAIN_SELF = YES;
				CLANG_WARN_OBJC_LITERAL_CONVERSION = YES;
				CLANG_WARN_OBJC_ROOT_CLASS = YES_ERROR;
				CLANG_WARN_QUOTED_INCLUDE_IN_FRAMEWORK_HEADER = YES;
				CLANG_WARN_RANGE_LOOP_ANALYSIS = YES;
				CLANG_WARN_STRICT_PROTOTYPES = YES;
				CLANG_WARN_SUSPICIOUS_MOVE = YES;
				CLANG_WARN_UNGUARDED_AVAILABILITY = YES_AGGRESSIVE;
				CLANG_WARN_UNREACHABLE_CODE = YES;
				CLANG_WARN__DUPLICATE_METHOD_MATCH = YES;
				COPY_PHASE_STRIP = NO;
				DEBUG_INFORMATION_FORMAT = "dwarf-with-dsym";
				ENABLE_NS_ASSERTIONS = NO;
				ENABLE_STRICT_OBJC_MSGSEND = YES;
				GCC_C_LANGUAGE_STANDARD = gnu11;
				GCC_NO_COMMON_BLOCKS = YES;
				GCC_WARN_64_TO_32_BIT_CONVERSION = YES;
				GCC_WARN_ABOUT_RETURN_TYPE = YES_ERROR;
				GCC_WARN_UNDECLARED_SELECTOR = YES;
				GCC_WARN_UNINITIALIZED_AUTOS = YES_AGGRESSIVE;
				GCC_WARN_UNUSED_FUNCTION = YES;
				GCC_WARN_UNUSED_VARIABLE = YES;
				IPHONEOS_DEPLOYMENT_TARGET = 15.4;
				MTL_ENABLE_DEBUG_INFO = NO;
				MTL_FAST_MATH = YES;
				SDKROOT = iphoneos;
				SWIFT_COMPILATION_MODE = wholemodule;
				SWIFT_OPTIMIZATION_LEVEL = "-O";
				VALIDATE_PRODUCT = YES;
			};
			name = Release;
		};
		2CA5DF4027F54CF6002290D4 /* Debug */ = {
			isa = XCBuildConfiguration;
			buildSettings = {
				ASSETCATALOG_COMPILER_APPICON_NAME = AppIcon;
				ASSETCATALOG_COMPILER_GLOBAL_ACCENT_COLOR_NAME = AccentColor;
				CODE_SIGN_STYLE = Automatic;
				CURRENT_PROJECT_VERSION = 1;
				GENERATE_INFOPLIST_FILE = YES;
				INFOPLIST_FILE = FoodStacks/Info.plist;
				INFOPLIST_KEY_UIApplicationSupportsIndirectInputEvents = YES;
				INFOPLIST_KEY_UILaunchStoryboardName = LaunchScreen;
				INFOPLIST_KEY_UIMainStoryboardFile = Main;
				INFOPLIST_KEY_UISupportedInterfaceOrientations_iPad = "UIInterfaceOrientationPortrait UIInterfaceOrientationPortraitUpsideDown UIInterfaceOrientationLandscapeLeft UIInterfaceOrientationLandscapeRight";
				INFOPLIST_KEY_UISupportedInterfaceOrientations_iPhone = "UIInterfaceOrientationPortrait UIInterfaceOrientationLandscapeLeft UIInterfaceOrientationLandscapeRight";
				LD_RUNPATH_SEARCH_PATHS = (
					"$(inherited)",
					"@executable_path/Frameworks",
				);
				MARKETING_VERSION = 1.0;
				PRODUCT_BUNDLE_IDENTIFIER = com.relintao.FoodStacks;
				PRODUCT_NAME = "$(TARGET_NAME)";
				SWIFT_EMIT_LOC_STRINGS = YES;
				SWIFT_VERSION = 5.0;
				TARGETED_DEVICE_FAMILY = "1,2";
			};
			name = Debug;
		};
		2CA5DF4127F54CF6002290D4 /* Release */ = {
			isa = XCBuildConfiguration;
			buildSettings = {
				ASSETCATALOG_COMPILER_APPICON_NAME = AppIcon;
				ASSETCATALOG_COMPILER_GLOBAL_ACCENT_COLOR_NAME = AccentColor;
				CODE_SIGN_STYLE = Automatic;
				CURRENT_PROJECT_VERSION = 1;
				GENERATE_INFOPLIST_FILE = YES;
				INFOPLIST_FILE = FoodStacks/Info.plist;
				INFOPLIST_KEY_UIApplicationSupportsIndirectInputEvents = YES;
				INFOPLIST_KEY_UILaunchStoryboardName = LaunchScreen;
				INFOPLIST_KEY_UIMainStoryboardFile = Main;
				INFOPLIST_KEY_UISupportedInterfaceOrientations_iPad = "UIInterfaceOrientationPortrait UIInterfaceOrientationPortraitUpsideDown UIInterfaceOrientationLandscapeLeft UIInterfaceOrientationLandscapeRight";
				INFOPLIST_KEY_UISupportedInterfaceOrientations_iPhone = "UIInterfaceOrientationPortrait UIInterfaceOrientationLandscapeLeft UIInterfaceOrientationLandscapeRight";
				LD_RUNPATH_SEARCH_PATHS = (
					"$(inherited)",
					"@executable_path/Frameworks",
				);
				MARKETING_VERSION = 1.0;
				PRODUCT_BUNDLE_IDENTIFIER = com.relintao.FoodStacks;
				PRODUCT_NAME = "$(TARGET_NAME)";
				SWIFT_EMIT_LOC_STRINGS = YES;
				SWIFT_VERSION = 5.0;
				TARGETED_DEVICE_FAMILY = "1,2";
			};
			name = Release;
		};
		2CA5DF4327F54CF6002290D4 /* Debug */ = {
			isa = XCBuildConfiguration;
			buildSettings = {
				ALWAYS_EMBED_SWIFT_STANDARD_LIBRARIES = YES;
				BUNDLE_LOADER = "$(TEST_HOST)";
				CODE_SIGN_STYLE = Automatic;
				CURRENT_PROJECT_VERSION = 1;
				GENERATE_INFOPLIST_FILE = YES;
				IPHONEOS_DEPLOYMENT_TARGET = 15.4;
				MARKETING_VERSION = 1.0;
				PRODUCT_BUNDLE_IDENTIFIER = com.relintao.FoodStacksTests;
				PRODUCT_NAME = "$(TARGET_NAME)";
				SWIFT_EMIT_LOC_STRINGS = NO;
				SWIFT_VERSION = 5.0;
				TARGETED_DEVICE_FAMILY = "1,2";
				TEST_HOST = "$(BUILT_PRODUCTS_DIR)/FoodStacks.app/FoodStacks";
			};
			name = Debug;
		};
		2CA5DF4427F54CF6002290D4 /* Release */ = {
			isa = XCBuildConfiguration;
			buildSettings = {
				ALWAYS_EMBED_SWIFT_STANDARD_LIBRARIES = YES;
				BUNDLE_LOADER = "$(TEST_HOST)";
				CODE_SIGN_STYLE = Automatic;
				CURRENT_PROJECT_VERSION = 1;
				GENERATE_INFOPLIST_FILE = YES;
				IPHONEOS_DEPLOYMENT_TARGET = 15.4;
				MARKETING_VERSION = 1.0;
				PRODUCT_BUNDLE_IDENTIFIER = com.relintao.FoodStacksTests;
				PRODUCT_NAME = "$(TARGET_NAME)";
				SWIFT_EMIT_LOC_STRINGS = NO;
				SWIFT_VERSION = 5.0;
				TARGETED_DEVICE_FAMILY = "1,2";
				TEST_HOST = "$(BUILT_PRODUCTS_DIR)/FoodStacks.app/FoodStacks";
			};
			name = Release;
		};
		2CA5DF4627F54CF6002290D4 /* Debug */ = {
			isa = XCBuildConfiguration;
			buildSettings = {
				ALWAYS_EMBED_SWIFT_STANDARD_LIBRARIES = YES;
				CODE_SIGN_STYLE = Automatic;
				CURRENT_PROJECT_VERSION = 1;
				GENERATE_INFOPLIST_FILE = YES;
				MARKETING_VERSION = 1.0;
				PRODUCT_BUNDLE_IDENTIFIER = com.relintao.FoodStacksUITests;
				PRODUCT_NAME = "$(TARGET_NAME)";
				SWIFT_EMIT_LOC_STRINGS = NO;
				SWIFT_VERSION = 5.0;
				TARGETED_DEVICE_FAMILY = "1,2";
				TEST_TARGET_NAME = FoodStacks;
			};
			name = Debug;
		};
		2CA5DF4727F54CF6002290D4 /* Release */ = {
			isa = XCBuildConfiguration;
			buildSettings = {
				ALWAYS_EMBED_SWIFT_STANDARD_LIBRARIES = YES;
				CODE_SIGN_STYLE = Automatic;
				CURRENT_PROJECT_VERSION = 1;
				GENERATE_INFOPLIST_FILE = YES;
				MARKETING_VERSION = 1.0;
				PRODUCT_BUNDLE_IDENTIFIER = com.relintao.FoodStacksUITests;
				PRODUCT_NAME = "$(TARGET_NAME)";
				SWIFT_EMIT_LOC_STRINGS = NO;
				SWIFT_VERSION = 5.0;
				TARGETED_DEVICE_FAMILY = "1,2";
				TEST_TARGET_NAME = FoodStacks;
			};
			name = Release;
		};
/* End XCBuildConfiguration section */

/* Begin XCConfigurationList section */
		2CA5DF1027F54CF3002290D4 /* Build configuration list for PBXProject "FoodStacks" */ = {
			isa = XCConfigurationList;
			buildConfigurations = (
				2CA5DF3D27F54CF6002290D4 /* Debug */,
				2CA5DF3E27F54CF6002290D4 /* Release */,
			);
			defaultConfigurationIsVisible = 0;
			defaultConfigurationName = Release;
		};
		2CA5DF3F27F54CF6002290D4 /* Build configuration list for PBXNativeTarget "FoodStacks" */ = {
			isa = XCConfigurationList;
			buildConfigurations = (
				2CA5DF4027F54CF6002290D4 /* Debug */,
				2CA5DF4127F54CF6002290D4 /* Release */,
			);
			defaultConfigurationIsVisible = 0;
			defaultConfigurationName = Release;
		};
		2CA5DF4227F54CF6002290D4 /* Build configuration list for PBXNativeTarget "FoodStacksTests" */ = {
			isa = XCConfigurationList;
			buildConfigurations = (
				2CA5DF4327F54CF6002290D4 /* Debug */,
				2CA5DF4427F54CF6002290D4 /* Release */,
			);
			defaultConfigurationIsVisible = 0;
			defaultConfigurationName = Release;
		};
		2CA5DF4527F54CF6002290D4 /* Build configuration list for PBXNativeTarget "FoodStacksUITests" */ = {
			isa = XCConfigurationList;
			buildConfigurations = (
				2CA5DF4627F54CF6002290D4 /* Debug */,
				2CA5DF4727F54CF6002290D4 /* Release */,
			);
			defaultConfigurationIsVisible = 0;
			defaultConfigurationName = Release;
		};
/* End XCConfigurationList section */
	};
	rootObject = 2CA5DF0D27F54CF3002290D4 /* Project object */;
}
